// !$*UTF8*$!
{
	archiveVersion = 1;
	classes = {
	};
	objectVersion = 50;
	objects = {

/* Begin PBXBuildFile section */
		07B02F8A3D88D98D5193C3B0 /* Pods_FloatingPlayer.framework in Frameworks */ = {isa = PBXBuildFile; fileRef = DD79B8D59B8732C087D3C91A /* Pods_FloatingPlayer.framework */; };
		2EDFFDE00B203C0125672D37 /* Pods_FloatingPlayerUITests.framework in Frameworks */ = {isa = PBXBuildFile; fileRef = 548565D827CED81EDDCBDE81 /* Pods_FloatingPlayerUITests.framework */; };
		3EC77B5722ED4C1E004C2033 /* PlayerView.swift in Sources */ = {isa = PBXBuildFile; fileRef = 3EC77B5622ED4C1E004C2033 /* PlayerView.swift */; };
		3EC77B5B22ED4CE6004C2033 /* PlayerView.xib in Resources */ = {isa = PBXBuildFile; fileRef = 3EC77B5A22ED4CE6004C2033 /* PlayerView.xib */; };
		3EC77B5D22ED4D0C004C2033 /* FloatingPlayerViewController.swift in Sources */ = {isa = PBXBuildFile; fileRef = 3EC77B5C22ED4D0C004C2033 /* FloatingPlayerViewController.swift */; };
		3EC77B5F22ED4D1F004C2033 /* test.jpg in Resources */ = {isa = PBXBuildFile; fileRef = 3EC77B5E22ED4D1F004C2033 /* test.jpg */; };
		3ED6AAAF22ED499C00C650B0 /* AppDelegate.swift in Sources */ = {isa = PBXBuildFile; fileRef = 3ED6AAAE22ED499C00C650B0 /* AppDelegate.swift */; };
		3ED6AAB122ED499C00C650B0 /* ViewController.swift in Sources */ = {isa = PBXBuildFile; fileRef = 3ED6AAB022ED499C00C650B0 /* ViewController.swift */; };
		3ED6AAB422ED499C00C650B0 /* Main.storyboard in Resources */ = {isa = PBXBuildFile; fileRef = 3ED6AAB222ED499C00C650B0 /* Main.storyboard */; };
		3ED6AAB622ED499D00C650B0 /* Assets.xcassets in Resources */ = {isa = PBXBuildFile; fileRef = 3ED6AAB522ED499D00C650B0 /* Assets.xcassets */; };
		3ED6AAB922ED499D00C650B0 /* LaunchScreen.storyboard in Resources */ = {isa = PBXBuildFile; fileRef = 3ED6AAB722ED499D00C650B0 /* LaunchScreen.storyboard */; };
		3ED6AAC422ED499D00C650B0 /* FloatingPlayerTests.swift in Sources */ = {isa = PBXBuildFile; fileRef = 3ED6AAC322ED499D00C650B0 /* FloatingPlayerTests.swift */; };
		3ED6AACF22ED499D00C650B0 /* FloatingPlayerUITests.swift in Sources */ = {isa = PBXBuildFile; fileRef = 3ED6AACE22ED499D00C650B0 /* FloatingPlayerUITests.swift */; };
		3ED6AADD22ED4A5500C650B0 /* FloatingPlayer.swift in Sources */ = {isa = PBXBuildFile; fileRef = 3ED6AADC22ED4A5500C650B0 /* FloatingPlayer.swift */; };
		4969797AC09D23BC7681F31D /* Pods_FloatingPlayerTests.framework in Frameworks */ = {isa = PBXBuildFile; fileRef = 017C18A7B91B96606F21D574 /* Pods_FloatingPlayerTests.framework */; };
/* End PBXBuildFile section */

/* Begin PBXContainerItemProxy section */
		3ED6AAC022ED499D00C650B0 /* PBXContainerItemProxy */ = {
			isa = PBXContainerItemProxy;
			containerPortal = 3ED6AAA322ED499C00C650B0 /* Project object */;
			proxyType = 1;
			remoteGlobalIDString = 3ED6AAAA22ED499C00C650B0;
			remoteInfo = FloatingPlayer;
		};
		3ED6AACB22ED499D00C650B0 /* PBXContainerItemProxy */ = {
			isa = PBXContainerItemProxy;
			containerPortal = 3ED6AAA322ED499C00C650B0 /* Project object */;
			proxyType = 1;
			remoteGlobalIDString = 3ED6AAAA22ED499C00C650B0;
			remoteInfo = FloatingPlayer;
		};
/* End PBXContainerItemProxy section */

/* Begin PBXFileReference section */
		017C18A7B91B96606F21D574 /* Pods_FloatingPlayerTests.framework */ = {isa = PBXFileReference; explicitFileType = wrapper.framework; includeInIndex = 0; path = Pods_FloatingPlayerTests.framework; sourceTree = BUILT_PRODUCTS_DIR; };
		123E4B7D0FE7618E3EF83D94 /* Pods-FloatingPlayerTests.release.xcconfig */ = {isa = PBXFileReference; includeInIndex = 1; lastKnownFileType = text.xcconfig; name = "Pods-FloatingPlayerTests.release.xcconfig"; path = "Pods/Target Support Files/Pods-FloatingPlayerTests/Pods-FloatingPlayerTests.release.xcconfig"; sourceTree = "<group>"; };
		3EC77B5622ED4C1E004C2033 /* PlayerView.swift */ = {isa = PBXFileReference; lastKnownFileType = sourcecode.swift; name = PlayerView.swift; path = /Users/SokJinYoung/Desktop/FloatingPlayer/FloatingPlayer/PlayerView.swift; sourceTree = "<absolute>"; };
		3EC77B5A22ED4CE6004C2033 /* PlayerView.xib */ = {isa = PBXFileReference; lastKnownFileType = file.xib; path = PlayerView.xib; sourceTree = "<group>"; };
		3EC77B5C22ED4D0C004C2033 /* FloatingPlayerViewController.swift */ = {isa = PBXFileReference; lastKnownFileType = sourcecode.swift; path = FloatingPlayerViewController.swift; sourceTree = "<group>"; };
		3EC77B5E22ED4D1F004C2033 /* test.jpg */ = {isa = PBXFileReference; lastKnownFileType = image.jpeg; path = test.jpg; sourceTree = "<group>"; };
		3ED6AAAB22ED499C00C650B0 /* FloatingPlayer.app */ = {isa = PBXFileReference; explicitFileType = wrapper.application; includeInIndex = 0; path = FloatingPlayer.app; sourceTree = BUILT_PRODUCTS_DIR; };
		3ED6AAAE22ED499C00C650B0 /* AppDelegate.swift */ = {isa = PBXFileReference; lastKnownFileType = sourcecode.swift; path = AppDelegate.swift; sourceTree = "<group>"; };
		3ED6AAB022ED499C00C650B0 /* ViewController.swift */ = {isa = PBXFileReference; lastKnownFileType = sourcecode.swift; path = ViewController.swift; sourceTree = "<group>"; };
		3ED6AAB322ED499C00C650B0 /* Base */ = {isa = PBXFileReference; lastKnownFileType = file.storyboard; name = Base; path = Base.lproj/Main.storyboard; sourceTree = "<group>"; };
		3ED6AAB522ED499D00C650B0 /* Assets.xcassets */ = {isa = PBXFileReference; lastKnownFileType = folder.assetcatalog; path = Assets.xcassets; sourceTree = "<group>"; };
		3ED6AAB822ED499D00C650B0 /* Base */ = {isa = PBXFileReference; lastKnownFileType = file.storyboard; name = Base; path = Base.lproj/LaunchScreen.storyboard; sourceTree = "<group>"; };
		3ED6AABA22ED499D00C650B0 /* Info.plist */ = {isa = PBXFileReference; lastKnownFileType = text.plist.xml; path = Info.plist; sourceTree = "<group>"; };
		3ED6AABF22ED499D00C650B0 /* FloatingPlayerTests.xctest */ = {isa = PBXFileReference; explicitFileType = wrapper.cfbundle; includeInIndex = 0; path = FloatingPlayerTests.xctest; sourceTree = BUILT_PRODUCTS_DIR; };
		3ED6AAC322ED499D00C650B0 /* FloatingPlayerTests.swift */ = {isa = PBXFileReference; lastKnownFileType = sourcecode.swift; path = FloatingPlayerTests.swift; sourceTree = "<group>"; };
		3ED6AAC522ED499D00C650B0 /* Info.plist */ = {isa = PBXFileReference; lastKnownFileType = text.plist.xml; path = Info.plist; sourceTree = "<group>"; };
		3ED6AACA22ED499D00C650B0 /* FloatingPlayerUITests.xctest */ = {isa = PBXFileReference; explicitFileType = wrapper.cfbundle; includeInIndex = 0; path = FloatingPlayerUITests.xctest; sourceTree = BUILT_PRODUCTS_DIR; };
		3ED6AACE22ED499D00C650B0 /* FloatingPlayerUITests.swift */ = {isa = PBXFileReference; lastKnownFileType = sourcecode.swift; path = FloatingPlayerUITests.swift; sourceTree = "<group>"; };
		3ED6AAD022ED499D00C650B0 /* Info.plist */ = {isa = PBXFileReference; lastKnownFileType = text.plist.xml; path = Info.plist; sourceTree = "<group>"; };
		3ED6AADC22ED4A5500C650B0 /* FloatingPlayer.swift */ = {isa = PBXFileReference; lastKnownFileType = sourcecode.swift; path = FloatingPlayer.swift; sourceTree = "<group>"; };
		42060B2DC58DB9FF4CE9B011 /* Pods-FloatingPlayerUITests.release.xcconfig */ = {isa = PBXFileReference; includeInIndex = 1; lastKnownFileType = text.xcconfig; name = "Pods-FloatingPlayerUITests.release.xcconfig"; path = "Pods/Target Support Files/Pods-FloatingPlayerUITests/Pods-FloatingPlayerUITests.release.xcconfig"; sourceTree = "<group>"; };
		548565D827CED81EDDCBDE81 /* Pods_FloatingPlayerUITests.framework */ = {isa = PBXFileReference; explicitFileType = wrapper.framework; includeInIndex = 0; path = Pods_FloatingPlayerUITests.framework; sourceTree = BUILT_PRODUCTS_DIR; };
		5960907251F1B31FE526F375 /* Pods-FloatingPlayerUITests.debug.xcconfig */ = {isa = PBXFileReference; includeInIndex = 1; lastKnownFileType = text.xcconfig; name = "Pods-FloatingPlayerUITests.debug.xcconfig"; path = "Pods/Target Support Files/Pods-FloatingPlayerUITests/Pods-FloatingPlayerUITests.debug.xcconfig"; sourceTree = "<group>"; };
		9934297C5A3548D830F56598 /* Pods-FloatingPlayer.release.xcconfig */ = {isa = PBXFileReference; includeInIndex = 1; lastKnownFileType = text.xcconfig; name = "Pods-FloatingPlayer.release.xcconfig"; path = "Pods/Target Support Files/Pods-FloatingPlayer/Pods-FloatingPlayer.release.xcconfig"; sourceTree = "<group>"; };
		DD79B8D59B8732C087D3C91A /* Pods_FloatingPlayer.framework */ = {isa = PBXFileReference; explicitFileType = wrapper.framework; includeInIndex = 0; path = Pods_FloatingPlayer.framework; sourceTree = BUILT_PRODUCTS_DIR; };
		E3A9FA267E834775CCA8E4C8 /* Pods-FloatingPlayer.debug.xcconfig */ = {isa = PBXFileReference; includeInIndex = 1; lastKnownFileType = text.xcconfig; name = "Pods-FloatingPlayer.debug.xcconfig"; path = "Pods/Target Support Files/Pods-FloatingPlayer/Pods-FloatingPlayer.debug.xcconfig"; sourceTree = "<group>"; };
		F269F998F4F1BD27351A36CB /* Pods-FloatingPlayerTests.debug.xcconfig */ = {isa = PBXFileReference; includeInIndex = 1; lastKnownFileType = text.xcconfig; name = "Pods-FloatingPlayerTests.debug.xcconfig"; path = "Pods/Target Support Files/Pods-FloatingPlayerTests/Pods-FloatingPlayerTests.debug.xcconfig"; sourceTree = "<group>"; };
/* End PBXFileReference section */

/* Begin PBXFrameworksBuildPhase section */
		3ED6AAA822ED499C00C650B0 /* Frameworks */ = {
			isa = PBXFrameworksBuildPhase;
			buildActionMask = 2147483647;
			files = (
				07B02F8A3D88D98D5193C3B0 /* Pods_FloatingPlayer.framework in Frameworks */,
			);
			runOnlyForDeploymentPostprocessing = 0;
		};
		3ED6AABC22ED499D00C650B0 /* Frameworks */ = {
			isa = PBXFrameworksBuildPhase;
			buildActionMask = 2147483647;
			files = (
				4969797AC09D23BC7681F31D /* Pods_FloatingPlayerTests.framework in Frameworks */,
			);
			runOnlyForDeploymentPostprocessing = 0;
		};
		3ED6AAC722ED499D00C650B0 /* Frameworks */ = {
			isa = PBXFrameworksBuildPhase;
			buildActionMask = 2147483647;
			files = (
				2EDFFDE00B203C0125672D37 /* Pods_FloatingPlayerUITests.framework in Frameworks */,
			);
			runOnlyForDeploymentPostprocessing = 0;
		};
/* End PBXFrameworksBuildPhase section */

/* Begin PBXGroup section */
		3ED6AAA222ED499C00C650B0 = {
			isa = PBXGroup;
			children = (
				3ED6AAAD22ED499C00C650B0 /* FloatingPlayer */,
				3ED6AAC222ED499D00C650B0 /* FloatingPlayerTests */,
				3ED6AACD22ED499D00C650B0 /* FloatingPlayerUITests */,
				3ED6AAAC22ED499C00C650B0 /* Products */,
				4B5869BF9AED38FA3F03632C /* Pods */,
				BCDEC7C958412A25DC149B1F /* Frameworks */,
			);
			sourceTree = "<group>";
		};
		3ED6AAAC22ED499C00C650B0 /* Products */ = {
			isa = PBXGroup;
			children = (
				3ED6AAAB22ED499C00C650B0 /* FloatingPlayer.app */,
				3ED6AABF22ED499D00C650B0 /* FloatingPlayerTests.xctest */,
				3ED6AACA22ED499D00C650B0 /* FloatingPlayerUITests.xctest */,
			);
			name = Products;
			sourceTree = "<group>";
		};
		3ED6AAAD22ED499C00C650B0 /* FloatingPlayer */ = {
			isa = PBXGroup;
			children = (
				3ED6AAAE22ED499C00C650B0 /* AppDelegate.swift */,
				3ED6AAB022ED499C00C650B0 /* ViewController.swift */,
				3ED6AAB222ED499C00C650B0 /* Main.storyboard */,
				3ED6AADC22ED4A5500C650B0 /* FloatingPlayer.swift */,
				3EC77B5622ED4C1E004C2033 /* PlayerView.swift */,
				3EC77B5A22ED4CE6004C2033 /* PlayerView.xib */,
				3EC77B5C22ED4D0C004C2033 /* FloatingPlayerViewController.swift */,
				3ED6AAB722ED499D00C650B0 /* LaunchScreen.storyboard */,
				3ED6AABA22ED499D00C650B0 /* Info.plist */,
				3EC77B5E22ED4D1F004C2033 /* test.jpg */,
				3ED6AAB522ED499D00C650B0 /* Assets.xcassets */,
			);
			path = FloatingPlayer;
			sourceTree = "<group>";
		};
		3ED6AAC222ED499D00C650B0 /* FloatingPlayerTests */ = {
			isa = PBXGroup;
			children = (
				3ED6AAC322ED499D00C650B0 /* FloatingPlayerTests.swift */,
				3ED6AAC522ED499D00C650B0 /* Info.plist */,
			);
			path = FloatingPlayerTests;
			sourceTree = "<group>";
		};
		3ED6AACD22ED499D00C650B0 /* FloatingPlayerUITests */ = {
			isa = PBXGroup;
			children = (
				3ED6AACE22ED499D00C650B0 /* FloatingPlayerUITests.swift */,
				3ED6AAD022ED499D00C650B0 /* Info.plist */,
			);
			path = FloatingPlayerUITests;
			sourceTree = "<group>";
		};
		4B5869BF9AED38FA3F03632C /* Pods */ = {
			isa = PBXGroup;
			children = (
				E3A9FA267E834775CCA8E4C8 /* Pods-FloatingPlayer.debug.xcconfig */,
				9934297C5A3548D830F56598 /* Pods-FloatingPlayer.release.xcconfig */,
				F269F998F4F1BD27351A36CB /* Pods-FloatingPlayerTests.debug.xcconfig */,
				123E4B7D0FE7618E3EF83D94 /* Pods-FloatingPlayerTests.release.xcconfig */,
				5960907251F1B31FE526F375 /* Pods-FloatingPlayerUITests.debug.xcconfig */,
				42060B2DC58DB9FF4CE9B011 /* Pods-FloatingPlayerUITests.release.xcconfig */,
			);
			name = Pods;
			sourceTree = "<group>";
		};
		BCDEC7C958412A25DC149B1F /* Frameworks */ = {
			isa = PBXGroup;
			children = (
				DD79B8D59B8732C087D3C91A /* Pods_FloatingPlayer.framework */,
				017C18A7B91B96606F21D574 /* Pods_FloatingPlayerTests.framework */,
				548565D827CED81EDDCBDE81 /* Pods_FloatingPlayerUITests.framework */,
			);
			name = Frameworks;
			sourceTree = "<group>";
		};
/* End PBXGroup section */

/* Begin PBXNativeTarget section */
		3ED6AAAA22ED499C00C650B0 /* FloatingPlayer */ = {
			isa = PBXNativeTarget;
			buildConfigurationList = 3ED6AAD322ED499D00C650B0 /* Build configuration list for PBXNativeTarget "FloatingPlayer" */;
			buildPhases = (
				6D59EFC34BF2E035F7BF8481 /* [CP] Check Pods Manifest.lock */,
				3ED6AAA722ED499C00C650B0 /* Sources */,
				3ED6AAA822ED499C00C650B0 /* Frameworks */,
				3ED6AAA922ED499C00C650B0 /* Resources */,
				5FA08E85A2BD3357116DDEEB /* [CP] Embed Pods Frameworks */,
				14F81A2FD1267D37F2D9B967 /* [CP] Copy Pods Resources */,
			);
			buildRules = (
			);
			dependencies = (
			);
			name = FloatingPlayer;
			productName = FloatingPlayer;
			productReference = 3ED6AAAB22ED499C00C650B0 /* FloatingPlayer.app */;
			productType = "com.apple.product-type.application";
		};
		3ED6AABE22ED499D00C650B0 /* FloatingPlayerTests */ = {
			isa = PBXNativeTarget;
			buildConfigurationList = 3ED6AAD622ED499D00C650B0 /* Build configuration list for PBXNativeTarget "FloatingPlayerTests" */;
			buildPhases = (
				AB8559B0A4E5C7FA0D8823F6 /* [CP] Check Pods Manifest.lock */,
				3ED6AABB22ED499D00C650B0 /* Sources */,
				3ED6AABC22ED499D00C650B0 /* Frameworks */,
				3ED6AABD22ED499D00C650B0 /* Resources */,
				C779108AF666751DDBFE3B4C /* [CP] Embed Pods Frameworks */,
				6EDF4B8BA8F0AFB12BB612C4 /* [CP] Copy Pods Resources */,
			);
			buildRules = (
			);
			dependencies = (
				3ED6AAC122ED499D00C650B0 /* PBXTargetDependency */,
			);
			name = FloatingPlayerTests;
			productName = FloatingPlayerTests;
			productReference = 3ED6AABF22ED499D00C650B0 /* FloatingPlayerTests.xctest */;
			productType = "com.apple.product-type.bundle.unit-test";
		};
		3ED6AAC922ED499D00C650B0 /* FloatingPlayerUITests */ = {
			isa = PBXNativeTarget;
			buildConfigurationList = 3ED6AAD922ED499D00C650B0 /* Build configuration list for PBXNativeTarget "FloatingPlayerUITests" */;
			buildPhases = (
				15C5DD1237653F26490E963F /* [CP] Check Pods Manifest.lock */,
				3ED6AAC622ED499D00C650B0 /* Sources */,
				3ED6AAC722ED499D00C650B0 /* Frameworks */,
				3ED6AAC822ED499D00C650B0 /* Resources */,
				248EDA5424FE3738A6DB7520 /* [CP] Embed Pods Frameworks */,
				DBD4B2164CCDBA5C9825A05C /* [CP] Copy Pods Resources */,
			);
			buildRules = (
			);
			dependencies = (
				3ED6AACC22ED499D00C650B0 /* PBXTargetDependency */,
			);
			name = FloatingPlayerUITests;
			productName = FloatingPlayerUITests;
			productReference = 3ED6AACA22ED499D00C650B0 /* FloatingPlayerUITests.xctest */;
			productType = "com.apple.product-type.bundle.ui-testing";
		};
/* End PBXNativeTarget section */

/* Begin PBXProject section */
		3ED6AAA322ED499C00C650B0 /* Project object */ = {
			isa = PBXProject;
			attributes = {
				LastSwiftUpdateCheck = 1030;
				LastUpgradeCheck = 1030;
				ORGANIZATIONNAME = Stone;
				TargetAttributes = {
					3ED6AAAA22ED499C00C650B0 = {
						CreatedOnToolsVersion = 10.3;
					};
					3ED6AABE22ED499D00C650B0 = {
						CreatedOnToolsVersion = 10.3;
						TestTargetID = 3ED6AAAA22ED499C00C650B0;
					};
					3ED6AAC922ED499D00C650B0 = {
						CreatedOnToolsVersion = 10.3;
						TestTargetID = 3ED6AAAA22ED499C00C650B0;
					};
				};
			};
			buildConfigurationList = 3ED6AAA622ED499C00C650B0 /* Build configuration list for PBXProject "FloatingPlayer" */;
			compatibilityVersion = "Xcode 9.3";
			developmentRegion = en;
			hasScannedForEncodings = 0;
			knownRegions = (
				en,
				Base,
			);
			mainGroup = 3ED6AAA222ED499C00C650B0;
			productRefGroup = 3ED6AAAC22ED499C00C650B0 /* Products */;
			projectDirPath = "";
			projectRoot = "";
			targets = (
				3ED6AAAA22ED499C00C650B0 /* FloatingPlayer */,
				3ED6AABE22ED499D00C650B0 /* FloatingPlayerTests */,
				3ED6AAC922ED499D00C650B0 /* FloatingPlayerUITests */,
			);
		};
/* End PBXProject section */

/* Begin PBXResourcesBuildPhase section */
		3ED6AAA922ED499C00C650B0 /* Resources */ = {
			isa = PBXResourcesBuildPhase;
			buildActionMask = 2147483647;
			files = (
				3ED6AAB922ED499D00C650B0 /* LaunchScreen.storyboard in Resources */,
				3EC77B5F22ED4D1F004C2033 /* test.jpg in Resources */,
				3ED6AAB622ED499D00C650B0 /* Assets.xcassets in Resources */,
				3ED6AAB422ED499C00C650B0 /* Main.storyboard in Resources */,
				3EC77B5B22ED4CE6004C2033 /* PlayerView.xib in Resources */,
			);
			runOnlyForDeploymentPostprocessing = 0;
		};
		3ED6AABD22ED499D00C650B0 /* Resources */ = {
			isa = PBXResourcesBuildPhase;
			buildActionMask = 2147483647;
			files = (
			);
			runOnlyForDeploymentPostprocessing = 0;
		};
		3ED6AAC822ED499D00C650B0 /* Resources */ = {
			isa = PBXResourcesBuildPhase;
			buildActionMask = 2147483647;
			files = (
			);
			runOnlyForDeploymentPostprocessing = 0;
		};
/* End PBXResourcesBuildPhase section */

/* Begin PBXShellScriptBuildPhase section */
		14F81A2FD1267D37F2D9B967 /* [CP] Copy Pods Resources */ = {
			isa = PBXShellScriptBuildPhase;
			buildActionMask = 2147483647;
			files = (
			);
			inputPaths = (
			);
			name = "[CP] Copy Pods Resources";
			outputPaths = (
			);
			runOnlyForDeploymentPostprocessing = 0;
			shellPath = /bin/sh;
			shellScript = "\"${SRCROOT}/Pods/Target Support Files/Pods-FloatingPlayer/Pods-FloatingPlayer-resources.sh\"\n";
			showEnvVarsInLog = 0;
		};
		15C5DD1237653F26490E963F /* [CP] Check Pods Manifest.lock */ = {
			isa = PBXShellScriptBuildPhase;
			buildActionMask = 2147483647;
			files = (
			);
			inputPaths = (
				"${PODS_PODFILE_DIR_PATH}/Podfile.lock",
				"${PODS_ROOT}/Manifest.lock",
			);
			name = "[CP] Check Pods Manifest.lock";
			outputPaths = (
				"$(DERIVED_FILE_DIR)/Pods-FloatingPlayerUITests-checkManifestLockResult.txt",
			);
			runOnlyForDeploymentPostprocessing = 0;
			shellPath = /bin/sh;
			shellScript = "diff \"${PODS_PODFILE_DIR_PATH}/Podfile.lock\" \"${PODS_ROOT}/Manifest.lock\" > /dev/null\nif [ $? != 0 ] ; then\n    # print error to STDERR\n    echo \"error: The sandbox is not in sync with the Podfile.lock. Run 'pod install' or update your CocoaPods installation.\" >&2\n    exit 1\nfi\n# This output is used by Xcode 'outputs' to avoid re-running this script phase.\necho \"SUCCESS\" > \"${SCRIPT_OUTPUT_FILE_0}\"\n";
			showEnvVarsInLog = 0;
		};
		248EDA5424FE3738A6DB7520 /* [CP] Embed Pods Frameworks */ = {
			isa = PBXShellScriptBuildPhase;
			buildActionMask = 2147483647;
			files = (
			);
			inputPaths = (
			);
			name = "[CP] Embed Pods Frameworks";
			outputPaths = (
			);
			runOnlyForDeploymentPostprocessing = 0;
			shellPath = /bin/sh;
			shellScript = "\"${SRCROOT}/Pods/Target Support Files/Pods-FloatingPlayerUITests/Pods-FloatingPlayerUITests-frameworks.sh\"\n";
			showEnvVarsInLog = 0;
		};
		5FA08E85A2BD3357116DDEEB /* [CP] Embed Pods Frameworks */ = {
			isa = PBXShellScriptBuildPhase;
			buildActionMask = 2147483647;
			files = (
			);
			inputPaths = (
				"${SRCROOT}/Pods/Target Support Files/Pods-FloatingPlayer/Pods-FloatingPlayer-frameworks.sh",
				"${BUILT_PRODUCTS_DIR}/RxCocoa/RxCocoa.framework",
				"${BUILT_PRODUCTS_DIR}/RxRelay/RxRelay.framework",
				"${BUILT_PRODUCTS_DIR}/RxSwift/RxSwift.framework",
			);
			name = "[CP] Embed Pods Frameworks";
			outputPaths = (
				"${TARGET_BUILD_DIR}/${FRAMEWORKS_FOLDER_PATH}/RxCocoa.framework",
				"${TARGET_BUILD_DIR}/${FRAMEWORKS_FOLDER_PATH}/RxRelay.framework",
				"${TARGET_BUILD_DIR}/${FRAMEWORKS_FOLDER_PATH}/RxSwift.framework",
			);
			runOnlyForDeploymentPostprocessing = 0;
			shellPath = /bin/sh;
			shellScript = "\"${SRCROOT}/Pods/Target Support Files/Pods-FloatingPlayer/Pods-FloatingPlayer-frameworks.sh\"\n";
			showEnvVarsInLog = 0;
		};
		6D59EFC34BF2E035F7BF8481 /* [CP] Check Pods Manifest.lock */ = {
			isa = PBXShellScriptBuildPhase;
			buildActionMask = 2147483647;
			files = (
			);
			inputPaths = (
				"${PODS_PODFILE_DIR_PATH}/Podfile.lock",
				"${PODS_ROOT}/Manifest.lock",
			);
			name = "[CP] Check Pods Manifest.lock";
			outputPaths = (
				"$(DERIVED_FILE_DIR)/Pods-FloatingPlayer-checkManifestLockResult.txt",
			);
			runOnlyForDeploymentPostprocessing = 0;
			shellPath = /bin/sh;
			shellScript = "diff \"${PODS_PODFILE_DIR_PATH}/Podfile.lock\" \"${PODS_ROOT}/Manifest.lock\" > /dev/null\nif [ $? != 0 ] ; then\n    # print error to STDERR\n    echo \"error: The sandbox is not in sync with the Podfile.lock. Run 'pod install' or update your CocoaPods installation.\" >&2\n    exit 1\nfi\n# This output is used by Xcode 'outputs' to avoid re-running this script phase.\necho \"SUCCESS\" > \"${SCRIPT_OUTPUT_FILE_0}\"\n";
			showEnvVarsInLog = 0;
		};
		6EDF4B8BA8F0AFB12BB612C4 /* [CP] Copy Pods Resources */ = {
			isa = PBXShellScriptBuildPhase;
			buildActionMask = 2147483647;
			files = (
			);
			inputPaths = (
			);
			name = "[CP] Copy Pods Resources";
			outputPaths = (
			);
			runOnlyForDeploymentPostprocessing = 0;
			shellPath = /bin/sh;
			shellScript = "\"${SRCROOT}/Pods/Target Support Files/Pods-FloatingPlayerTests/Pods-FloatingPlayerTests-resources.sh\"\n";
			showEnvVarsInLog = 0;
		};
		AB8559B0A4E5C7FA0D8823F6 /* [CP] Check Pods Manifest.lock */ = {
			isa = PBXShellScriptBuildPhase;
			buildActionMask = 2147483647;
			files = (
			);
			inputPaths = (
				"${PODS_PODFILE_DIR_PATH}/Podfile.lock",
				"${PODS_ROOT}/Manifest.lock",
			);
			name = "[CP] Check Pods Manifest.lock";
			outputPaths = (
				"$(DERIVED_FILE_DIR)/Pods-FloatingPlayerTests-checkManifestLockResult.txt",
			);
			runOnlyForDeploymentPostprocessing = 0;
			shellPath = /bin/sh;
			shellScript = "diff \"${PODS_PODFILE_DIR_PATH}/Podfile.lock\" \"${PODS_ROOT}/Manifest.lock\" > /dev/null\nif [ $? != 0 ] ; then\n    # print error to STDERR\n    echo \"error: The sandbox is not in sync with the Podfile.lock. Run 'pod install' or update your CocoaPods installation.\" >&2\n    exit 1\nfi\n# This output is used by Xcode 'outputs' to avoid re-running this script phase.\necho \"SUCCESS\" > \"${SCRIPT_OUTPUT_FILE_0}\"\n";
			showEnvVarsInLog = 0;
		};
		C779108AF666751DDBFE3B4C /* [CP] Embed Pods Frameworks */ = {
			isa = PBXShellScriptBuildPhase;
			buildActionMask = 2147483647;
			files = (
			);
			inputPaths = (
			);
			name = "[CP] Embed Pods Frameworks";
			outputPaths = (
			);
			runOnlyForDeploymentPostprocessing = 0;
			shellPath = /bin/sh;
			shellScript = "\"${SRCROOT}/Pods/Target Support Files/Pods-FloatingPlayerTests/Pods-FloatingPlayerTests-frameworks.sh\"\n";
			showEnvVarsInLog = 0;
		};
		DBD4B2164CCDBA5C9825A05C /* [CP] Copy Pods Resources */ = {
			isa = PBXShellScriptBuildPhase;
			buildActionMask = 2147483647;
			files = (
			);
			inputPaths = (
			);
			name = "[CP] Copy Pods Resources";
			outputPaths = (
			);
			runOnlyForDeploymentPostprocessing = 0;
			shellPath = /bin/sh;
			shellScript = "\"${SRCROOT}/Pods/Target Support Files/Pods-FloatingPlayerUITests/Pods-FloatingPlayerUITests-resources.sh\"\n";
			showEnvVarsInLog = 0;
		};
/* End PBXShellScriptBuildPhase section */

/* Begin PBXSourcesBuildPhase section */
		3ED6AAA722ED499C00C650B0 /* Sources */ = {
			isa = PBXSourcesBuildPhase;
			buildActionMask = 2147483647;
			files = (
				3ED6AAB122ED499C00C650B0 /* ViewController.swift in Sources */,
				3EC77B5D22ED4D0C004C2033 /* FloatingPlayerViewController.swift in Sources */,
				3ED6AAAF22ED499C00C650B0 /* AppDelegate.swift in Sources */,
				3ED6AADD22ED4A5500C650B0 /* FloatingPlayer.swift in Sources */,
				3EC77B5722ED4C1E004C2033 /* PlayerView.swift in Sources */,
			);
			runOnlyForDeploymentPostprocessing = 0;
		};
		3ED6AABB22ED499D00C650B0 /* Sources */ = {
			isa = PBXSourcesBuildPhase;
			buildActionMask = 2147483647;
			files = (
				3ED6AAC422ED499D00C650B0 /* FloatingPlayerTests.swift in Sources */,
			);
			runOnlyForDeploymentPostprocessing = 0;
		};
		3ED6AAC622ED499D00C650B0 /* Sources */ = {
			isa = PBXSourcesBuildPhase;
			buildActionMask = 2147483647;
			files = (
				3ED6AACF22ED499D00C650B0 /* FloatingPlayerUITests.swift in Sources */,
			);
			runOnlyForDeploymentPostprocessing = 0;
		};
/* End PBXSourcesBuildPhase section */

/* Begin PBXTargetDependency section */
		3ED6AAC122ED499D00C650B0 /* PBXTargetDependency */ = {
			isa = PBXTargetDependency;
			target = 3ED6AAAA22ED499C00C650B0 /* FloatingPlayer */;
			targetProxy = 3ED6AAC022ED499D00C650B0 /* PBXContainerItemProxy */;
		};
		3ED6AACC22ED499D00C650B0 /* PBXTargetDependency */ = {
			isa = PBXTargetDependency;
			target = 3ED6AAAA22ED499C00C650B0 /* FloatingPlayer */;
			targetProxy = 3ED6AACB22ED499D00C650B0 /* PBXContainerItemProxy */;
		};
/* End PBXTargetDependency section */

/* Begin PBXVariantGroup section */
		3ED6AAB222ED499C00C650B0 /* Main.storyboard */ = {
			isa = PBXVariantGroup;
			children = (
				3ED6AAB322ED499C00C650B0 /* Base */,
			);
			name = Main.storyboard;
			sourceTree = "<group>";
		};
		3ED6AAB722ED499D00C650B0 /* LaunchScreen.storyboard */ = {
			isa = PBXVariantGroup;
			children = (
				3ED6AAB822ED499D00C650B0 /* Base */,
			);
			name = LaunchScreen.storyboard;
			sourceTree = "<group>";
		};
/* End PBXVariantGroup section */

/* Begin XCBuildConfiguration section */
		3ED6AAD122ED499D00C650B0 /* Debug */ = {
			isa = XCBuildConfiguration;
			buildSettings = {
				ALWAYS_SEARCH_USER_PATHS = NO;
				CLANG_ANALYZER_NONNULL = YES;
				CLANG_ANALYZER_NUMBER_OBJECT_CONVERSION = YES_AGGRESSIVE;
				CLANG_CXX_LANGUAGE_STANDARD = "gnu++14";
				CLANG_CXX_LIBRARY = "libc++";
				CLANG_ENABLE_MODULES = YES;
				CLANG_ENABLE_OBJC_ARC = YES;
				CLANG_ENABLE_OBJC_WEAK = YES;
				CLANG_WARN_BLOCK_CAPTURE_AUTORELEASING = YES;
				CLANG_WARN_BOOL_CONVERSION = YES;
				CLANG_WARN_COMMA = YES;
				CLANG_WARN_CONSTANT_CONVERSION = YES;
				CLANG_WARN_DEPRECATED_OBJC_IMPLEMENTATIONS = YES;
				CLANG_WARN_DIRECT_OBJC_ISA_USAGE = YES_ERROR;
				CLANG_WARN_DOCUMENTATION_COMMENTS = YES;
				CLANG_WARN_EMPTY_BODY = YES;
				CLANG_WARN_ENUM_CONVERSION = YES;
				CLANG_WARN_INFINITE_RECURSION = YES;
				CLANG_WARN_INT_CONVERSION = YES;
				CLANG_WARN_NON_LITERAL_NULL_CONVERSION = YES;
				CLANG_WARN_OBJC_IMPLICIT_RETAIN_SELF = YES;
				CLANG_WARN_OBJC_LITERAL_CONVERSION = YES;
				CLANG_WARN_OBJC_ROOT_CLASS = YES_ERROR;
				CLANG_WARN_RANGE_LOOP_ANALYSIS = YES;
				CLANG_WARN_STRICT_PROTOTYPES = YES;
				CLANG_WARN_SUSPICIOUS_MOVE = YES;
				CLANG_WARN_UNGUARDED_AVAILABILITY = YES_AGGRESSIVE;
				CLANG_WARN_UNREACHABLE_CODE = YES;
				CLANG_WARN__DUPLICATE_METHOD_MATCH = YES;
				CODE_SIGN_IDENTITY = "iPhone Developer";
				COPY_PHASE_STRIP = NO;
				DEBUG_INFORMATION_FORMAT = dwarf;
				ENABLE_STRICT_OBJC_MSGSEND = YES;
				ENABLE_TESTABILITY = YES;
				GCC_C_LANGUAGE_STANDARD = gnu11;
				GCC_DYNAMIC_NO_PIC = NO;
				GCC_NO_COMMON_BLOCKS = YES;
				GCC_OPTIMIZATION_LEVEL = 0;
				GCC_PREPROCESSOR_DEFINITIONS = (
					"DEBUG=1",
					"$(inherited)",
				);
				GCC_WARN_64_TO_32_BIT_CONVERSION = YES;
				GCC_WARN_ABOUT_RETURN_TYPE = YES_ERROR;
				GCC_WARN_UNDECLARED_SELECTOR = YES;
				GCC_WARN_UNINITIALIZED_AUTOS = YES_AGGRESSIVE;
				GCC_WARN_UNUSED_FUNCTION = YES;
				GCC_WARN_UNUSED_VARIABLE = YES;
				IPHONEOS_DEPLOYMENT_TARGET = 12.4;
				MTL_ENABLE_DEBUG_INFO = INCLUDE_SOURCE;
				MTL_FAST_MATH = YES;
				ONLY_ACTIVE_ARCH = YES;
				SDKROOT = iphoneos;
				SWIFT_ACTIVE_COMPILATION_CONDITIONS = DEBUG;
				SWIFT_OPTIMIZATION_LEVEL = "-Onone";
			};
			name = Debug;
		};
		3ED6AAD222ED499D00C650B0 /* Release */ = {
			isa = XCBuildConfiguration;
			buildSettings = {
				ALWAYS_SEARCH_USER_PATHS = NO;
				CLANG_ANALYZER_NONNULL = YES;
				CLANG_ANALYZER_NUMBER_OBJECT_CONVERSION = YES_AGGRESSIVE;
				CLANG_CXX_LANGUAGE_STANDARD = "gnu++14";
				CLANG_CXX_LIBRARY = "libc++";
				CLANG_ENABLE_MODULES = YES;
				CLANG_ENABLE_OBJC_ARC = YES;
				CLANG_ENABLE_OBJC_WEAK = YES;
				CLANG_WARN_BLOCK_CAPTURE_AUTORELEASING = YES;
				CLANG_WARN_BOOL_CONVERSION = YES;
				CLANG_WARN_COMMA = YES;
				CLANG_WARN_CONSTANT_CONVERSION = YES;
				CLANG_WARN_DEPRECATED_OBJC_IMPLEMENTATIONS = YES;
				CLANG_WARN_DIRECT_OBJC_ISA_USAGE = YES_ERROR;
				CLANG_WARN_DOCUMENTATION_COMMENTS = YES;
				CLANG_WARN_EMPTY_BODY = YES;
				CLANG_WARN_ENUM_CONVERSION = YES;
				CLANG_WARN_INFINITE_RECURSION = YES;
				CLANG_WARN_INT_CONVERSION = YES;
				CLANG_WARN_NON_LITERAL_NULL_CONVERSION = YES;
				CLANG_WARN_OBJC_IMPLICIT_RETAIN_SELF = YES;
				CLANG_WARN_OBJC_LITERAL_CONVERSION = YES;
				CLANG_WARN_OBJC_ROOT_CLASS = YES_ERROR;
				CLANG_WARN_RANGE_LOOP_ANALYSIS = YES;
				CLANG_WARN_STRICT_PROTOTYPES = YES;
				CLANG_WARN_SUSPICIOUS_MOVE = YES;
				CLANG_WARN_UNGUARDED_AVAILABILITY = YES_AGGRESSIVE;
				CLANG_WARN_UNREACHABLE_CODE = YES;
				CLANG_WARN__DUPLICATE_METHOD_MATCH = YES;
				CODE_SIGN_IDENTITY = "iPhone Developer";
				COPY_PHASE_STRIP = NO;
				DEBUG_INFORMATION_FORMAT = "dwarf-with-dsym";
				ENABLE_NS_ASSERTIONS = NO;
				ENABLE_STRICT_OBJC_MSGSEND = YES;
				GCC_C_LANGUAGE_STANDARD = gnu11;
				GCC_NO_COMMON_BLOCKS = YES;
				GCC_WARN_64_TO_32_BIT_CONVERSION = YES;
				GCC_WARN_ABOUT_RETURN_TYPE = YES_ERROR;
				GCC_WARN_UNDECLARED_SELECTOR = YES;
				GCC_WARN_UNINITIALIZED_AUTOS = YES_AGGRESSIVE;
				GCC_WARN_UNUSED_FUNCTION = YES;
				GCC_WARN_UNUSED_VARIABLE = YES;
				IPHONEOS_DEPLOYMENT_TARGET = 12.4;
				MTL_ENABLE_DEBUG_INFO = NO;
				MTL_FAST_MATH = YES;
				SDKROOT = iphoneos;
				SWIFT_COMPILATION_MODE = wholemodule;
				SWIFT_OPTIMIZATION_LEVEL = "-O";
				VALIDATE_PRODUCT = YES;
			};
			name = Release;
		};
		3ED6AAD422ED499D00C650B0 /* Debug */ = {
			isa = XCBuildConfiguration;
			baseConfigurationReference = E3A9FA267E834775CCA8E4C8 /* Pods-FloatingPlayer.debug.xcconfig */;
			buildSettings = {
				ASSETCATALOG_COMPILER_APPICON_NAME = AppIcon;
				CODE_SIGN_STYLE = Automatic;
				DEVELOPMENT_TEAM = 59RQN6MZ5J;
				INFOPLIST_FILE = FloatingPlayer/Info.plist;
				IPHONEOS_DEPLOYMENT_TARGET = 11.0;
				LD_RUNPATH_SEARCH_PATHS = (
					"$(inherited)",
					"@executable_path/Frameworks",
				);
				PRODUCT_BUNDLE_IDENTIFIER = com.Stone.FloatingPlayer;
				PRODUCT_NAME = "$(TARGET_NAME)";
				SWIFT_VERSION = 5.0;
				TARGETED_DEVICE_FAMILY = "1,2";
			};
			name = Debug;
		};
		3ED6AAD522ED499D00C650B0 /* Release */ = {
			isa = XCBuildConfiguration;
			baseConfigurationReference = 9934297C5A3548D830F56598 /* Pods-FloatingPlayer.release.xcconfig */;
			buildSettings = {
				ASSETCATALOG_COMPILER_APPICON_NAME = AppIcon;
				CODE_SIGN_STYLE = Automatic;
				DEVELOPMENT_TEAM = 59RQN6MZ5J;
				INFOPLIST_FILE = FloatingPlayer/Info.plist;
				IPHONEOS_DEPLOYMENT_TARGET = 11.0;
				LD_RUNPATH_SEARCH_PATHS = (
					"$(inherited)",
					"@executable_path/Frameworks",
				);
				PRODUCT_BUNDLE_IDENTIFIER = com.Stone.FloatingPlayer;
				PRODUCT_NAME = "$(TARGET_NAME)";
				SWIFT_VERSION = 5.0;
				TARGETED_DEVICE_FAMILY = "1,2";
			};
			name = Release;
		};
		3ED6AAD722ED499D00C650B0 /* Debug */ = {
			isa = XCBuildConfiguration;
			baseConfigurationReference = F269F998F4F1BD27351A36CB /* Pods-FloatingPlayerTests.debug.xcconfig */;
			buildSettings = {
				ALWAYS_EMBED_SWIFT_STANDARD_LIBRARIES = YES;
				BUNDLE_LOADER = "$(TEST_HOST)";
				CODE_SIGN_STYLE = Automatic;
				DEVELOPMENT_TEAM = 59RQN6MZ5J;
				INFOPLIST_FILE = FloatingPlayerTests/Info.plist;
				LD_RUNPATH_SEARCH_PATHS = (
					"$(inherited)",
					"@executable_path/Frameworks",
					"@loader_path/Frameworks",
				);
				PRODUCT_BUNDLE_IDENTIFIER = com.Stone.FloatingPlayerTests;
				PRODUCT_NAME = "$(TARGET_NAME)";
				SWIFT_VERSION = 5.0;
				TARGETED_DEVICE_FAMILY = "1,2";
				TEST_HOST = "$(BUILT_PRODUCTS_DIR)/FloatingPlayer.app/FloatingPlayer";
			};
			name = Debug;
		};
		3ED6AAD822ED499D00C650B0 /* Release */ = {
			isa = XCBuildConfiguration;
			baseConfigurationReference = 123E4B7D0FE7618E3EF83D94 /* Pods-FloatingPlayerTests.release.xcconfig */;
			buildSettings = {
				ALWAYS_EMBED_SWIFT_STANDARD_LIBRARIES = YES;
				BUNDLE_LOADER = "$(TEST_HOST)";
				CODE_SIGN_STYLE = Automatic;
				DEVELOPMENT_TEAM = 59RQN6MZ5J;
				INFOPLIST_FILE = FloatingPlayerTests/Info.plist;
				LD_RUNPATH_SEARCH_PATHS = (
					"$(inherited)",
					"@executable_path/Frameworks",
					"@loader_path/Frameworks",
				);
				PRODUCT_BUNDLE_IDENTIFIER = com.Stone.FloatingPlayerTests;
				PRODUCT_NAME = "$(TARGET_NAME)";
				SWIFT_VERSION = 5.0;
				TARGETED_DEVICE_FAMILY = "1,2";
				TEST_HOST = "$(BUILT_PRODUCTS_DIR)/FloatingPlayer.app/FloatingPlayer";
			};
			name = Release;
		};
		3ED6AADA22ED499D00C650B0 /* Debug */ = {
			isa = XCBuildConfiguration;
			baseConfigurationReference = 5960907251F1B31FE526F375 /* Pods-FloatingPlayerUITests.debug.xcconfig */;
			buildSettings = {
				ALWAYS_EMBED_SWIFT_STANDARD_LIBRARIES = YES;
				CODE_SIGN_STYLE = Automatic;
				DEVELOPMENT_TEAM = 59RQN6MZ5J;
				INFOPLIST_FILE = FloatingPlayerUITests/Info.plist;
				LD_RUNPATH_SEARCH_PATHS = (
					"$(inherited)",
					"@executable_path/Frameworks",
					"@loader_path/Frameworks",
				);
				PRODUCT_BUNDLE_IDENTIFIER = com.Stone.FloatingPlayerUITests;
				PRODUCT_NAME = "$(TARGET_NAME)";
				SWIFT_VERSION = 5.0;
				TARGETED_DEVICE_FAMILY = "1,2";
				TEST_TARGET_NAME = FloatingPlayer;
			};
			name = Debug;
		};
		3ED6AADB22ED499D00C650B0 /* Release */ = {
			isa = XCBuildConfiguration;
			baseConfigurationReference = 42060B2DC58DB9FF4CE9B011 /* Pods-FloatingPlayerUITests.release.xcconfig */;
			buildSettings = {
				ALWAYS_EMBED_SWIFT_STANDARD_LIBRARIES = YES;
				CODE_SIGN_STYLE = Automatic;
				DEVELOPMENT_TEAM = 59RQN6MZ5J;
				INFOPLIST_FILE = FloatingPlayerUITests/Info.plist;
				LD_RUNPATH_SEARCH_PATHS = (
					"$(inherited)",
					"@executable_path/Frameworks",
					"@loader_path/Frameworks",
				);
				PRODUCT_BUNDLE_IDENTIFIER = com.Stone.FloatingPlayerUITests;
				PRODUCT_NAME = "$(TARGET_NAME)";
				SWIFT_VERSION = 5.0;
				TARGETED_DEVICE_FAMILY = "1,2";
				TEST_TARGET_NAME = FloatingPlayer;
			};
			name = Release;
		};
/* End XCBuildConfiguration section */

/* Begin XCConfigurationList section */
		3ED6AAA622ED499C00C650B0 /* Build configuration list for PBXProject "FloatingPlayer" */ = {
			isa = XCConfigurationList;
			buildConfigurations = (
				3ED6AAD122ED499D00C650B0 /* Debug */,
				3ED6AAD222ED499D00C650B0 /* Release */,
			);
			defaultConfigurationIsVisible = 0;
			defaultConfigurationName = Release;
		};
		3ED6AAD322ED499D00C650B0 /* Build configuration list for PBXNativeTarget "FloatingPlayer" */ = {
			isa = XCConfigurationList;
			buildConfigurations = (
				3ED6AAD422ED499D00C650B0 /* Debug */,
				3ED6AAD522ED499D00C650B0 /* Release */,
			);
			defaultConfigurationIsVisible = 0;
			defaultConfigurationName = Release;
		};
		3ED6AAD622ED499D00C650B0 /* Build configuration list for PBXNativeTarget "FloatingPlayerTests" */ = {
			isa = XCConfigurationList;
			buildConfigurations = (
				3ED6AAD722ED499D00C650B0 /* Debug */,
				3ED6AAD822ED499D00C650B0 /* Release */,
			);
			defaultConfigurationIsVisible = 0;
			defaultConfigurationName = Release;
		};
		3ED6AAD922ED499D00C650B0 /* Build configuration list for PBXNativeTarget "FloatingPlayerUITests" */ = {
			isa = XCConfigurationList;
			buildConfigurations = (
				3ED6AADA22ED499D00C650B0 /* Debug */,
				3ED6AADB22ED499D00C650B0 /* Release */,
			);
			defaultConfigurationIsVisible = 0;
			defaultConfigurationName = Release;
		};
/* End XCConfigurationList section */
	};
	rootObject = 3ED6AAA322ED499C00C650B0 /* Project object */;
}
